
Microsoft Visual Studio Solution File, Format Version 12.00
# Visual Studio Version 17
VisualStudioVersion = 17.4.33213.308
MinimumVisualStudioVersion = 10.0.40219.1
Project("{FAE04EC0-301F-11D3-BF4B-00C04F79EFBC}") = "Warehouse management", "Warehouse management\Warehouse management.csproj", "{840061CC-8AD5-4CCF-8950-D3CE381A8A3D}"
EndProject
Global
	GlobalSection(SolutionConfigurationPlatforms) = preSolution
		Debug|Any CPU = Debug|Any CPU
		Release|Any CPU = Release|Any CPU
	EndGlobalSection
	GlobalSection(ProjectConfigurationPlatforms) = postSolution
		{840061CC-8AD5-4CCF-8950-D3CE381A8A3D}.Debug|Any CPU.ActiveCfg = Debug|Any CPU
		{840061CC-8AD5-4CCF-8950-D3CE381A8A3D}.Debug|Any CPU.Build.0 = Debug|Any CPU
		{840061CC-8AD5-4CCF-8950-D3CE381A8A3D}.Release|Any CPU.ActiveCfg = Release|Any CPU
		{840061CC-8AD5-4CCF-8950-D3CE381A8A3D}.Release|Any CPU.Build.0 = Release|Any CPU
	EndGlobalSection
	GlobalSection(SolutionProperties) = preSolution
		HideSolutionNode = FALSE
	EndGlobalSection
	GlobalSection(ExtensibilityGlobals) = postSolution
		SolutionGuid = {69CFE21F-9D3B-43EF-8AFA-BAFC32BBCAF9}
	EndGlobalSection
EndGlobal
